
Microsoft Visual Studio Solution File, Format Version 12.00
# Visual Studio Version 17
VisualStudioVersion = 17.10.35004.147
MinimumVisualStudioVersion = 10.0.40219.1
Project("{FAE04EC0-301F-11D3-BF4B-00C04F79EFBC}") = "StudentAjaxJquery", "StudentAjaxJquery\StudentAjaxJquery.csproj", "{21CB7C5C-C943-492F-BF63-B6AEFE6BD090}"
EndProject
Global
	GlobalSection(SolutionConfigurationPlatforms) = preSolution
		Debug|Any CPU = Debug|Any CPU
		Release|Any CPU = Release|Any CPU
	EndGlobalSection
	GlobalSection(ProjectConfigurationPlatforms) = postSolution
		{21CB7C5C-C943-492F-BF63-B6AEFE6BD090}.Debug|Any CPU.ActiveCfg = Debug|Any CPU
		{21CB7C5C-C943-492F-BF63-B6AEFE6BD090}.Debug|Any CPU.Build.0 = Debug|Any CPU
		{21CB7C5C-C943-492F-BF63-B6AEFE6BD090}.Release|Any CPU.ActiveCfg = Release|Any CPU
		{21CB7C5C-C943-492F-BF63-B6AEFE6BD090}.Release|Any CPU.Build.0 = Release|Any CPU
	EndGlobalSection
	GlobalSection(SolutionProperties) = preSolution
		HideSolutionNode = FALSE
	EndGlobalSection
	GlobalSection(ExtensibilityGlobals) = postSolution
		SolutionGuid = {191F101E-92F9-484F-B5D8-CA8F8DBFE359}
	EndGlobalSection
EndGlobal
